
Microsoft Visual Studio Solution File, Format Version 12.00
# Visual Studio Version 16
VisualStudioVersion = 16.0.810.8
MinimumVisualStudioVersion = 10.0.40219.1
Project("{D954291E-2A0B-460D-934E-DC6B0785DB48}") = "MonkeyTap", "MonkeyTap\MonkeyTap.shproj", "{A0CDBD0E-3A41-42B7-9425-A838BC2C7383}"
EndProject
Project("{FAE04EC0-301F-11D3-BF4B-00C04F79EFBC}") = "MonkeyTap.Android", "MonkeyTap.Android\MonkeyTap.Android.csproj", "{25818A05-067D-4E76-B121-9B564C89926A}"
EndProject
Project("{FAE04EC0-301F-11D3-BF4B-00C04F79EFBC}") = "MonkeyTap.iOS", "MonkeyTap.iOS\MonkeyTap.iOS.csproj", "{BD8ECCD1-6A32-4653-8AA2-0BC0EAFE68F8}"
EndProject
Project("{9A19103F-16F7-4668-BE54-9A1E7A4F7556}") = "MonkeyTap.GL", "MonkeyTap.GL\MonkeyTap.GL.csproj", "{3979840B-265C-4E05-A887-9E137AA6EE56}"
EndProject
Global
	GlobalSection(SharedMSBuildProjectFiles) = preSolution
		MonkeyTap\MonkeyTap.projitems*{25818a05-067d-4e76-b121-9b564c89926a}*SharedItemsImports = 4
		MonkeyTap\MonkeyTap.projitems*{3979840b-265c-4e05-a887-9e137aa6ee56}*SharedItemsImports = 5
		MonkeyTap\MonkeyTap.projitems*{a0cdbd0e-3a41-42b7-9425-a838bc2c7383}*SharedItemsImports = 13
		MonkeyTap\MonkeyTap.projitems*{bd8eccd1-6a32-4653-8aa2-0bc0eafe68f8}*SharedItemsImports = 4
	EndGlobalSection
	GlobalSection(SolutionConfigurationPlatforms) = preSolution
		Ad-Hoc|Any CPU = Ad-Hoc|Any CPU
		Ad-Hoc|iPhone = Ad-Hoc|iPhone
		Ad-Hoc|iPhoneSimulator = Ad-Hoc|iPhoneSimulator
		AppStore|Any CPU = AppStore|Any CPU
		AppStore|iPhone = AppStore|iPhone
		AppStore|iPhoneSimulator = AppStore|iPhoneSimulator
		Debug|Any CPU = Debug|Any CPU
		Debug|iPhone = Debug|iPhone
		Debug|iPhoneSimulator = Debug|iPhoneSimulator
		Release|Any CPU = Release|Any CPU
		Release|iPhone = Release|iPhone
		Release|iPhoneSimulator = Release|iPhoneSimulator
	EndGlobalSection
	GlobalSection(ProjectConfigurationPlatforms) = postSolution
		{25818A05-067D-4E76-B121-9B564C89926A}.Ad-Hoc|Any CPU.ActiveCfg = Release|Any CPU
		{25818A05-067D-4E76-B121-9B564C89926A}.Ad-Hoc|Any CPU.Build.0 = Release|Any CPU
		{25818A05-067D-4E76-B121-9B564C89926A}.Ad-Hoc|Any CPU.Deploy.0 = Release|Any CPU
		{25818A05-067D-4E76-B121-9B564C89926A}.Ad-Hoc|iPhone.ActiveCfg = Debug|Any CPU
		{25818A05-067D-4E76-B121-9B564C89926A}.Ad-Hoc|iPhone.Build.0 = Debug|Any CPU
		{25818A05-067D-4E76-B121-9B564C89926A}.Ad-Hoc|iPhoneSimulator.ActiveCfg = Release|Any CPU
		{25818A05-067D-4E76-B121-9B564C89926A}.Ad-Hoc|iPhoneSimulator.Build.0 = Release|Any CPU
		{25818A05-067D-4E76-B121-9B564C89926A}.Ad-Hoc|iPhoneSimulator.Deploy.0 = Release|Any CPU
		{25818A05-067D-4E76-B121-9B564C89926A}.AppStore|Any CPU.ActiveCfg = Release|Any CPU
		{25818A05-067D-4E76-B121-9B564C89926A}.AppStore|Any CPU.Build.0 = Release|Any CPU
		{25818A05-067D-4E76-B121-9B564C89926A}.AppStore|Any CPU.Deploy.0 = Release|Any CPU
		{25818A05-067D-4E76-B121-9B564C89926A}.AppStore|iPhone.ActiveCfg = Debug|Any CPU
		{25818A05-067D-4E76-B121-9B564C89926A}.AppStore|iPhone.Build.0 = Debug|Any CPU
		{25818A05-067D-4E76-B121-9B564C89926A}.AppStore|iPhoneSimulator.ActiveCfg = Release|Any CPU
		{25818A05-067D-4E76-B121-9B564C89926A}.AppStore|iPhoneSimulator.Build.0 = Release|Any CPU
		{25818A05-067D-4E76-B121-9B564C89926A}.AppStore|iPhoneSimulator.Deploy.0 = Release|Any CPU
		{25818A05-067D-4E76-B121-9B564C89926A}.Debug|Any CPU.ActiveCfg = Debug|Any CPU
		{25818A05-067D-4E76-B121-9B564C89926A}.Debug|Any CPU.Build.0 = Debug|Any CPU
		{25818A05-067D-4E76-B121-9B564C89926A}.Debug|iPhone.ActiveCfg = Debug|Any CPU
		{25818A05-067D-4E76-B121-9B564C89926A}.Debug|iPhone.Build.0 = Debug|Any CPU
		{25818A05-067D-4E76-B121-9B564C89926A}.Debug|iPhoneSimulator.ActiveCfg = Debug|Any CPU
		{25818A05-067D-4E76-B121-9B564C89926A}.Debug|iPhoneSimulator.Build.0 = Debug|Any CPU
		{25818A05-067D-4E76-B121-9B564C89926A}.Release|Any CPU.ActiveCfg = Release|Any CPU
		{25818A05-067D-4E76-B121-9B564C89926A}.Release|Any CPU.Build.0 = Release|Any CPU
		{25818A05-067D-4E76-B121-9B564C89926A}.Release|iPhone.ActiveCfg = Release|Any CPU
		{25818A05-067D-4E76-B121-9B564C89926A}.Release|iPhone.Build.0 = Release|Any CPU
		{25818A05-067D-4E76-B121-9B564C89926A}.Release|iPhoneSimulator.ActiveCfg = Release|Any CPU
		{25818A05-067D-4E76-B121-9B564C89926A}.Release|iPhoneSimulator.Build.0 = Release|Any CPU
		{BD8ECCD1-6A32-4653-8AA2-0BC0EAFE68F8}.Ad-Hoc|Any CPU.ActiveCfg = Ad-Hoc|iPhoneSimulator
		{BD8ECCD1-6A32-4653-8AA2-0BC0EAFE68F8}.Ad-Hoc|iPhone.ActiveCfg = Ad-Hoc|iPhone
		{BD8ECCD1-6A32-4653-8AA2-0BC0EAFE68F8}.Ad-Hoc|iPhone.Build.0 = Ad-Hoc|iPhone
		{BD8ECCD1-6A32-4653-8AA2-0BC0EAFE68F8}.Ad-Hoc|iPhoneSimulator.ActiveCfg = Ad-Hoc|iPhoneSimulator
		{BD8ECCD1-6A32-4653-8AA2-0BC0EAFE68F8}.Ad-Hoc|iPhoneSimulator.Build.0 = Ad-Hoc|iPhoneSimulator
		{BD8ECCD1-6A32-4653-8AA2-0BC0EAFE68F8}.AppStore|Any CPU.ActiveCfg = AppStore|iPhoneSimulator
		{BD8ECCD1-6A32-4653-8AA2-0BC0EAFE68F8}.AppStore|iPhone.ActiveCfg = AppStore|iPhone
		{BD8ECCD1-6A32-4653-8AA2-0BC0EAFE68F8}.AppStore|iPhone.Build.0 = AppStore|iPhone
		{BD8ECCD1-6A32-4653-8AA2-0BC0EAFE68F8}.AppStore|iPhoneSimulator.ActiveCfg = AppStore|iPhoneSimulator
		{BD8ECCD1-6A32-4653-8AA2-0BC0EAFE68F8}.AppStore|iPhoneSimulator.Build.0 = AppStore|iPhoneSimulator
		{BD8ECCD1-6A32-4653-8AA2-0BC0EAFE68F8}.Debug|Any CPU.ActiveCfg = Debug|iPhoneSimulator
		{BD8ECCD1-6A32-4653-8AA2-0BC0EAFE68F8}.Debug|Any CPU.Build.0 = Debug|iPhoneSimulator
		{BD8ECCD1-6A32-4653-8AA2-0BC0EAFE68F8}.Debug|iPhone.ActiveCfg = Debug|iPhone
		{BD8ECCD1-6A32-4653-8AA2-0BC0EAFE68F8}.Debug|iPhone.Build.0 = Debug|iPhone
		{BD8ECCD1-6A32-4653-8AA2-0BC0EAFE68F8}.Debug|iPhoneSimulator.ActiveCfg = Debug|iPhoneSimulator
		{BD8ECCD1-6A32-4653-8AA2-0BC0EAFE68F8}.Debug|iPhoneSimulator.Build.0 = Debug|iPhoneSimulator
		{BD8ECCD1-6A32-4653-8AA2-0BC0EAFE68F8}.Release|Any CPU.ActiveCfg = Release|iPhoneSimulator
		{BD8ECCD1-6A32-4653-8AA2-0BC0EAFE68F8}.Release|Any CPU.Build.0 = Release|iPhoneSimulator
		{BD8ECCD1-6A32-4653-8AA2-0BC0EAFE68F8}.Release|iPhone.ActiveCfg = Release|iPhone
		{BD8ECCD1-6A32-4653-8AA2-0BC0EAFE68F8}.Release|iPhone.Build.0 = Release|iPhone
		{BD8ECCD1-6A32-4653-8AA2-0BC0EAFE68F8}.Release|iPhoneSimulator.ActiveCfg = Release|iPhoneSimulator
		{BD8ECCD1-6A32-4653-8AA2-0BC0EAFE68F8}.Release|iPhoneSimulator.Build.0 = Release|iPhoneSimulator
		{3979840B-265C-4E05-A887-9E137AA6EE56}.Ad-Hoc|Any CPU.ActiveCfg = Release|Any CPU
		{3979840B-265C-4E05-A887-9E137AA6EE56}.Ad-Hoc|Any CPU.Build.0 = Release|Any CPU
		{3979840B-265C-4E05-A887-9E137AA6EE56}.Ad-Hoc|iPhone.ActiveCfg = Debug|Any CPU
		{3979840B-265C-4E05-A887-9E137AA6EE56}.Ad-Hoc|iPhone.Build.0 = Debug|Any CPU
		{3979840B-265C-4E05-A887-9E137AA6EE56}.Ad-Hoc|iPhoneSimulator.ActiveCfg = Release|Any CPU
		{3979840B-265C-4E05-A887-9E137AA6EE56}.Ad-Hoc|iPhoneSimulator.Build.0 = Release|Any CPU
		{3979840B-265C-4E05-A887-9E137AA6EE56}.AppStore|Any CPU.ActiveCfg = Release|Any CPU
		{3979840B-265C-4E05-A887-9E137AA6EE56}.AppStore|Any CPU.Build.0 = Release|Any CPU
		{3979840B-265C-4E05-A887-9E137AA6EE56}.AppStore|iPhone.ActiveCfg = Debug|Any CPU
		{3979840B-265C-4E05-A887-9E137AA6EE56}.AppStore|iPhone.Build.0 = Debug|Any CPU
		{3979840B-265C-4E05-A887-9E137AA6EE56}.AppStore|iPhoneSimulator.ActiveCfg = Release|Any CPU
		{3979840B-265C-4E05-A887-9E137AA6EE56}.AppStore|iPhoneSimulator.Build.0 = Release|Any CPU
		{3979840B-265C-4E05-A887-9E137AA6EE56}.Debug|Any CPU.ActiveCfg = Debug|Any CPU
		{3979840B-265C-4E05-A887-9E137AA6EE56}.Debug|Any CPU.Build.0 = Debug|Any CPU
		{3979840B-265C-4E05-A887-9E137AA6EE56}.Debug|iPhone.ActiveCfg = Debug|Any CPU
		{3979840B-265C-4E05-A887-9E137AA6EE56}.Debug|iPhone.Build.0 = Debug|Any CPU
		{3979840B-265C-4E05-A887-9E137AA6EE56}.Debug|iPhoneSimulator.ActiveCfg = Debug|Any CPU
		{3979840B-265C-4E05-A887-9E137AA6EE56}.Debug|iPhoneSimulator.Build.0 = Debug|Any CPU
		{3979840B-265C-4E05-A887-9E137AA6EE56}.Release|Any CPU.ActiveCfg = Release|Any CPU
		{3979840B-265C-4E05-A887-9E137AA6EE56}.Release|Any CPU.Build.0 = Release|Any CPU
		{3979840B-265C-4E05-A887-9E137AA6EE56}.Release|iPhone.ActiveCfg = Release|Any CPU
		{3979840B-265C-4E05-A887-9E137AA6EE56}.Release|iPhone.Build.0 = Release|Any CPU
		{3979840B-265C-4E05-A887-9E137AA6EE56}.Release|iPhoneSimulator.ActiveCfg = Release|Any CPU
		{3979840B-265C-4E05-A887-9E137AA6EE56}.Release|iPhoneSimulator.Build.0 = Release|Any CPU
	EndGlobalSection
	GlobalSection(SolutionProperties) = preSolution
		HideSolutionNode = FALSE
	EndGlobalSection
	GlobalSection(ExtensibilityGlobals) = postSolution
		SolutionGuid = {632AA02D-AB81-444C-90D9-7C23F4F8A619}
	EndGlobalSection
	GlobalSection(MonoDevelopProperties) = preSolution
		version = 1.1
	EndGlobalSection
EndGlobal
